
Microsoft Visual Studio Solution File, Format Version 12.00
# Visual Studio Version 16
VisualStudioVersion = 16.0.29613.14
MinimumVisualStudioVersion = 10.0.40219.1
Project("{FAE04EC0-301F-11D3-BF4B-00C04F79EFBC}") = "CustomList", "CustomList\CustomList.csproj", "{A09F95BB-5AA8-4589-92D1-5ACE522B91D2}"
EndProject
Global
	GlobalSection(SolutionConfigurationPlatforms) = preSolution
		Debug|Any CPU = Debug|Any CPU
		Release|Any CPU = Release|Any CPU
	EndGlobalSection
	GlobalSection(ProjectConfigurationPlatforms) = postSolution
		{A09F95BB-5AA8-4589-92D1-5ACE522B91D2}.Debug|Any CPU.ActiveCfg = Debug|Any CPU
		{A09F95BB-5AA8-4589-92D1-5ACE522B91D2}.Debug|Any CPU.Build.0 = Debug|Any CPU
		{A09F95BB-5AA8-4589-92D1-5ACE522B91D2}.Release|Any CPU.ActiveCfg = Release|Any CPU
		{A09F95BB-5AA8-4589-92D1-5ACE522B91D2}.Release|Any CPU.Build.0 = Release|Any CPU
	EndGlobalSection
	GlobalSection(SolutionProperties) = preSolution
		HideSolutionNode = FALSE
	EndGlobalSection
	GlobalSection(ExtensibilityGlobals) = postSolution
		SolutionGuid = {7ECF9EB9-CB1A-4BEE-A506-66D97193E9E7}
	EndGlobalSection
EndGlobal
